
Microsoft Visual Studio Solution File, Format Version 12.00
# Visual Studio Version 17
VisualStudioVersion = 17.11.35222.181
MinimumVisualStudioVersion = 10.0.40219.1
Project("{9A19103F-16F7-4668-BE54-9A1E7A4F7556}") = "Tienda.Api", "Tienda.Api\Tienda.Api.csproj", "{BBB9C9D0-CFEB-4ED1-80B6-2A0A7E8E0574}"
EndProject
Project("{9A19103F-16F7-4668-BE54-9A1E7A4F7556}") = "Tienda.Domain", "Tienda.Domain\Tienda.Domain.csproj", "{088E5104-7FAD-4638-B337-B4F98F644131}"
EndProject
Project("{9A19103F-16F7-4668-BE54-9A1E7A4F7556}") = "Tienda.Infrastructure", "Tienda.Infrastructure\Tienda.Infrastructure.csproj", "{E5E1353A-CEAE-47AB-AB0B-2331314E8867}"
EndProject
Project("{2150E333-8FDC-42A3-9474-1A3956D46DE8}") = "Tests", "Tests", "{0131250E-31D6-4E9A-B33A-A36522E288C2}"
EndProject
Project("{9A19103F-16F7-4668-BE54-9A1E7A4F7556}") = "Tienda.Domain.UnitTests", "Tests\Tienda.Domain.UnitTests\Tienda.Domain.UnitTests.csproj", "{55751BAD-329B-4890-92E7-8BFFBB23995B}"
EndProject
Project("{9A19103F-16F7-4668-BE54-9A1E7A4F7556}") = "Tienda.Contracts", "Tienda.Contracts\Tienda.Contracts.csproj", "{4DBAEEC5-5635-48B7-B992-03D0A92E7852}"
EndProject
Project("{FAE04EC0-301F-11D3-BF4B-00C04F79EFBC}") = "Tienda.Infrastructure.UnitTests", "Tests\Tienda.Infrastructure.UnitTests\Tienda.Infrastructure.UnitTests.csproj", "{5FEDF115-6E3F-4D6F-BE38-16EC6736610E}"
EndProject
Global
	GlobalSection(SolutionConfigurationPlatforms) = preSolution
		Debug|Any CPU = Debug|Any CPU
		Release|Any CPU = Release|Any CPU
	EndGlobalSection
	GlobalSection(ProjectConfigurationPlatforms) = postSolution
		{BBB9C9D0-CFEB-4ED1-80B6-2A0A7E8E0574}.Debug|Any CPU.ActiveCfg = Debug|Any CPU
		{BBB9C9D0-CFEB-4ED1-80B6-2A0A7E8E0574}.Debug|Any CPU.Build.0 = Debug|Any CPU
		{BBB9C9D0-CFEB-4ED1-80B6-2A0A7E8E0574}.Release|Any CPU.ActiveCfg = Release|Any CPU
		{BBB9C9D0-CFEB-4ED1-80B6-2A0A7E8E0574}.Release|Any CPU.Build.0 = Release|Any CPU
		{088E5104-7FAD-4638-B337-B4F98F644131}.Debug|Any CPU.ActiveCfg = Debug|Any CPU
		{088E5104-7FAD-4638-B337-B4F98F644131}.Debug|Any CPU.Build.0 = Debug|Any CPU
		{088E5104-7FAD-4638-B337-B4F98F644131}.Release|Any CPU.ActiveCfg = Release|Any CPU
		{088E5104-7FAD-4638-B337-B4F98F644131}.Release|Any CPU.Build.0 = Release|Any CPU
		{E5E1353A-CEAE-47AB-AB0B-2331314E8867}.Debug|Any CPU.ActiveCfg = Debug|Any CPU
		{E5E1353A-CEAE-47AB-AB0B-2331314E8867}.Debug|Any CPU.Build.0 = Debug|Any CPU
		{E5E1353A-CEAE-47AB-AB0B-2331314E8867}.Release|Any CPU.ActiveCfg = Release|Any CPU
		{E5E1353A-CEAE-47AB-AB0B-2331314E8867}.Release|Any CPU.Build.0 = Release|Any CPU
		{55751BAD-329B-4890-92E7-8BFFBB23995B}.Debug|Any CPU.ActiveCfg = Debug|Any CPU
		{55751BAD-329B-4890-92E7-8BFFBB23995B}.Debug|Any CPU.Build.0 = Debug|Any CPU
		{55751BAD-329B-4890-92E7-8BFFBB23995B}.Release|Any CPU.ActiveCfg = Release|Any CPU
		{55751BAD-329B-4890-92E7-8BFFBB23995B}.Release|Any CPU.Build.0 = Release|Any CPU
		{4DBAEEC5-5635-48B7-B992-03D0A92E7852}.Debug|Any CPU.ActiveCfg = Debug|Any CPU
		{4DBAEEC5-5635-48B7-B992-03D0A92E7852}.Debug|Any CPU.Build.0 = Debug|Any CPU
		{4DBAEEC5-5635-48B7-B992-03D0A92E7852}.Release|Any CPU.ActiveCfg = Release|Any CPU
		{4DBAEEC5-5635-48B7-B992-03D0A92E7852}.Release|Any CPU.Build.0 = Release|Any CPU
		{5FEDF115-6E3F-4D6F-BE38-16EC6736610E}.Debug|Any CPU.ActiveCfg = Debug|Any CPU
		{5FEDF115-6E3F-4D6F-BE38-16EC6736610E}.Debug|Any CPU.Build.0 = Debug|Any CPU
		{5FEDF115-6E3F-4D6F-BE38-16EC6736610E}.Release|Any CPU.ActiveCfg = Release|Any CPU
		{5FEDF115-6E3F-4D6F-BE38-16EC6736610E}.Release|Any CPU.Build.0 = Release|Any CPU
	EndGlobalSection
	GlobalSection(SolutionProperties) = preSolution
		HideSolutionNode = FALSE
	EndGlobalSection
	GlobalSection(NestedProjects) = preSolution
		{55751BAD-329B-4890-92E7-8BFFBB23995B} = {0131250E-31D6-4E9A-B33A-A36522E288C2}
		{5FEDF115-6E3F-4D6F-BE38-16EC6736610E} = {0131250E-31D6-4E9A-B33A-A36522E288C2}
	EndGlobalSection
	GlobalSection(ExtensibilityGlobals) = postSolution
		SolutionGuid = {8B066F64-EDE1-4574-B2E5-497A2DA421C7}
	EndGlobalSection
EndGlobal
